// !$*UTF8*$!
{
	archiveVersion = 1;
	classes = {
	};
	objectVersion = 50;
	objects = {

/* Begin PBXBuildFile section */
		8D71CC5C250F1EB0000D8B43 /* AppDelegate.swift in Sources */ = {isa = PBXBuildFile; fileRef = 8D71CC5B250F1EB0000D8B43 /* AppDelegate.swift */; };
		8D71CC5E250F1EB0000D8B43 /* ViewController.swift in Sources */ = {isa = PBXBuildFile; fileRef = 8D71CC5D250F1EB0000D8B43 /* ViewController.swift */; };
		8D71CC60250F1EB1000D8B43 /* Assets.xcassets in Resources */ = {isa = PBXBuildFile; fileRef = 8D71CC5F250F1EB1000D8B43 /* Assets.xcassets */; };
		8D71CC63250F1EB1000D8B43 /* Main.storyboard in Resources */ = {isa = PBXBuildFile; fileRef = 8D71CC61250F1EB1000D8B43 /* Main.storyboard */; };
		8D71CC73250F1FF3000D8B43 /* 64characters_Telephone.swift in Sources */ = {isa = PBXBuildFile; fileRef = 8D71CC6C250F1FF3000D8B43 /* 64characters_Telephone.swift */; };
		8D71CC74250F1FF3000D8B43 /* IOKit.swift in Sources */ = {isa = PBXBuildFile; fileRef = 8D71CC6D250F1FF3000D8B43 /* IOKit.swift */; };
		8D71CC75250F1FF3000D8B43 /* Other.swift in Sources */ = {isa = PBXBuildFile; fileRef = 8D71CC6E250F1FF3000D8B43 /* Other.swift */; };
		8D71CC76250F1FF3000D8B43 /* USB.swift in Sources */ = {isa = PBXBuildFile; fileRef = 8D71CC6F250F1FF3000D8B43 /* USB.swift */; };
		8D71CC77250F1FF3000D8B43 /* IOHIDLib.swift in Sources */ = {isa = PBXBuildFile; fileRef = 8D71CC70250F1FF3000D8B43 /* IOHIDLib.swift */; };
		8D71CC78250F1FF3000D8B43 /* IOCFPlugin.swift in Sources */ = {isa = PBXBuildFile; fileRef = 8D71CC71250F1FF3000D8B43 /* IOCFPlugin.swift */; };
		8D71CC79250F1FF3000D8B43 /* HID_Manager_Basics.swift in Sources */ = {isa = PBXBuildFile; fileRef = 8D71CC72250F1FF3000D8B43 /* HID_Manager_Basics.swift */; };
		8D71CC7B25106493000D8B43 /* HID_Device_Properties.swift in Sources */ = {isa = PBXBuildFile; fileRef = 8D71CC7A25106493000D8B43 /* HID_Device_Properties.swift */; };
/* End PBXBuildFile section */

/* Begin PBXFileReference section */
		8D71CC58250F1EB0000D8B43 /* HID_Manager_Basics.app */ = {isa = PBXFileReference; explicitFileType = wrapper.application; includeInIndex = 0; path = HID_Manager_Basics.app; sourceTree = BUILT_PRODUCTS_DIR; };
		8D71CC5B250F1EB0000D8B43 /* AppDelegate.swift */ = {isa = PBXFileReference; lastKnownFileType = sourcecode.swift; path = AppDelegate.swift; sourceTree = "<group>"; };
		8D71CC5D250F1EB0000D8B43 /* ViewController.swift */ = {isa = PBXFileReference; lastKnownFileType = sourcecode.swift; path = ViewController.swift; sourceTree = "<group>"; };
		8D71CC5F250F1EB1000D8B43 /* Assets.xcassets */ = {isa = PBXFileReference; lastKnownFileType = folder.assetcatalog; path = Assets.xcassets; sourceTree = "<group>"; };
		8D71CC62250F1EB1000D8B43 /* Base */ = {isa = PBXFileReference; lastKnownFileType = file.storyboard; name = Base; path = Base.lproj/Main.storyboard; sourceTree = "<group>"; };
		8D71CC64250F1EB1000D8B43 /* Info.plist */ = {isa = PBXFileReference; lastKnownFileType = text.plist.xml; path = Info.plist; sourceTree = "<group>"; };
		8D71CC65250F1EB1000D8B43 /* HID_Manager_Basics.entitlements */ = {isa = PBXFileReference; lastKnownFileType = text.plist.entitlements; path = HID_Manager_Basics.entitlements; sourceTree = "<group>"; };
		8D71CC6C250F1FF3000D8B43 /* 64characters_Telephone.swift */ = {isa = PBXFileReference; fileEncoding = 4; lastKnownFileType = sourcecode.swift; path = 64characters_Telephone.swift; sourceTree = "<group>"; };
		8D71CC6D250F1FF3000D8B43 /* IOKit.swift */ = {isa = PBXFileReference; fileEncoding = 4; lastKnownFileType = sourcecode.swift; path = IOKit.swift; sourceTree = "<group>"; };
		8D71CC6E250F1FF3000D8B43 /* Other.swift */ = {isa = PBXFileReference; fileEncoding = 4; lastKnownFileType = sourcecode.swift; path = Other.swift; sourceTree = "<group>"; };
		8D71CC6F250F1FF3000D8B43 /* USB.swift */ = {isa = PBXFileReference; fileEncoding = 4; lastKnownFileType = sourcecode.swift; path = USB.swift; sourceTree = "<group>"; };
		8D71CC70250F1FF3000D8B43 /* IOHIDLib.swift */ = {isa = PBXFileReference; fileEncoding = 4; lastKnownFileType = sourcecode.swift; path = IOHIDLib.swift; sourceTree = "<group>"; };
		8D71CC71250F1FF3000D8B43 /* IOCFPlugin.swift */ = {isa = PBXFileReference; fileEncoding = 4; lastKnownFileType = sourcecode.swift; path = IOCFPlugin.swift; sourceTree = "<group>"; };
		8D71CC72250F1FF3000D8B43 /* HID_Manager_Basics.swift */ = {isa = PBXFileReference; fileEncoding = 4; lastKnownFileType = sourcecode.swift; path = HID_Manager_Basics.swift; sourceTree = "<group>"; };
		8D71CC7A25106493000D8B43 /* HID_Device_Properties.swift */ = {isa = PBXFileReference; lastKnownFileType = sourcecode.swift; path = HID_Device_Properties.swift; sourceTree = "<group>"; };
/* End PBXFileReference section */

/* Begin PBXFrameworksBuildPhase section */
		8D71CC55250F1EB0000D8B43 /* Frameworks */ = {
			isa = PBXFrameworksBuildPhase;
			buildActionMask = 2147483647;
			files = (
			);
			runOnlyForDeploymentPostprocessing = 0;
		};
/* End PBXFrameworksBuildPhase section */

/* Begin PBXGroup section */
		8D71CC4F250F1EB0000D8B43 = {
			isa = PBXGroup;
			children = (
				8D71CC5A250F1EB0000D8B43 /* HID_Manager_Basics */,
				8D71CC59250F1EB0000D8B43 /* Products */,
			);
			sourceTree = "<group>";
		};
		8D71CC59250F1EB0000D8B43 /* Products */ = {
			isa = PBXGroup;
			children = (
				8D71CC58250F1EB0000D8B43 /* HID_Manager_Basics.app */,
			);
			name = Products;
			sourceTree = "<group>";
		};
		8D71CC5A250F1EB0000D8B43 /* HID_Manager_Basics */ = {
			isa = PBXGroup;
			children = (
				8D71CC5B250F1EB0000D8B43 /* AppDelegate.swift */,
				8D71CC5D250F1EB0000D8B43 /* ViewController.swift */,
				8D71CC5F250F1EB1000D8B43 /* Assets.xcassets */,
				8D71CC61250F1EB1000D8B43 /* Main.storyboard */,
				8D71CC64250F1EB1000D8B43 /* Info.plist */,
				8D71CC65250F1EB1000D8B43 /* HID_Manager_Basics.entitlements */,
				8D71CC72250F1FF3000D8B43 /* HID_Manager_Basics.swift */,
				8D71CC7A25106493000D8B43 /* HID_Device_Properties.swift */,
				8D71CC6B250F1FF3000D8B43 /* External */,
			);
			path = HID_Manager_Basics;
			sourceTree = "<group>";
		};
		8D71CC6B250F1FF3000D8B43 /* External */ = {
			isa = PBXGroup;
			children = (
				8D71CC6C250F1FF3000D8B43 /* 64characters_Telephone.swift */,
				8D71CC6D250F1FF3000D8B43 /* IOKit.swift */,
				8D71CC6E250F1FF3000D8B43 /* Other.swift */,
				8D71CC6F250F1FF3000D8B43 /* USB.swift */,
				8D71CC70250F1FF3000D8B43 /* IOHIDLib.swift */,
				8D71CC71250F1FF3000D8B43 /* IOCFPlugin.swift */,
			);
			path = External;
			sourceTree = "<group>";
		};
/* End PBXGroup section */

/* Begin PBXNativeTarget section */
		8D71CC57250F1EB0000D8B43 /* HID_Manager_Basics */ = {
			isa = PBXNativeTarget;
			buildConfigurationList = 8D71CC68250F1EB1000D8B43 /* Build configuration list for PBXNativeTarget "HID_Manager_Basics" */;
			buildPhases = (
				8D71CC54250F1EB0000D8B43 /* Sources */,
				8D71CC55250F1EB0000D8B43 /* Frameworks */,
				8D71CC56250F1EB0000D8B43 /* Resources */,
			);
			buildRules = (
			);
			dependencies = (
			);
			name = HID_Manager_Basics;
			productName = HID_Manager_Basics;
			productReference = 8D71CC58250F1EB0000D8B43 /* HID_Manager_Basics.app */;
			productType = "com.apple.product-type.application";
		};
/* End PBXNativeTarget section */

/* Begin PBXProject section */
		8D71CC50250F1EB0000D8B43 /* Project object */ = {
			isa = PBXProject;
			attributes = {
				LastSwiftUpdateCheck = 1130;
				LastUpgradeCheck = 1130;
				ORGANIZATIONNAME = "Jerde Apps LLC";
				TargetAttributes = {
					8D71CC57250F1EB0000D8B43 = {
						CreatedOnToolsVersion = 11.3.1;
					};
				};
			};
			buildConfigurationList = 8D71CC53250F1EB0000D8B43 /* Build configuration list for PBXProject "HID_Manager_Basics" */;
			compatibilityVersion = "Xcode 9.3";
			developmentRegion = en;
			hasScannedForEncodings = 0;
			knownRegions = (
				en,
				Base,
			);
			mainGroup = 8D71CC4F250F1EB0000D8B43;
			productRefGroup = 8D71CC59250F1EB0000D8B43 /* Products */;
			projectDirPath = "";
			projectRoot = "";
			targets = (
				8D71CC57250F1EB0000D8B43 /* HID_Manager_Basics */,
			);
		};
/* End PBXProject section */

/* Begin PBXResourcesBuildPhase section */
		8D71CC56250F1EB0000D8B43 /* Resources */ = {
			isa = PBXResourcesBuildPhase;
			buildActionMask = 2147483647;
			files = (
				8D71CC60250F1EB1000D8B43 /* Assets.xcassets in Resources */,
				8D71CC63250F1EB1000D8B43 /* Main.storyboard in Resources */,
			);
			runOnlyForDeploymentPostprocessing = 0;
		};
/* End PBXResourcesBuildPhase section */

/* Begin PBXSourcesBuildPhase section */
		8D71CC54250F1EB0000D8B43 /* Sources */ = {
			isa = PBXSourcesBuildPhase;
			buildActionMask = 2147483647;
			files = (
				8D71CC7B25106493000D8B43 /* HID_Device_Properties.swift in Sources */,
				8D71CC73250F1FF3000D8B43 /* 64characters_Telephone.swift in Sources */,
				8D71CC5E250F1EB0000D8B43 /* ViewController.swift in Sources */,
				8D71CC76250F1FF3000D8B43 /* USB.swift in Sources */,
				8D71CC78250F1FF3000D8B43 /* IOCFPlugin.swift in Sources */,
				8D71CC74250F1FF3000D8B43 /* IOKit.swift in Sources */,
				8D71CC75250F1FF3000D8B43 /* Other.swift in Sources */,
				8D71CC79250F1FF3000D8B43 /* HID_Manager_Basics.swift in Sources */,
				8D71CC77250F1FF3000D8B43 /* IOHIDLib.swift in Sources */,
				8D71CC5C250F1EB0000D8B43 /* AppDelegate.swift in Sources */,
			);
			runOnlyForDeploymentPostprocessing = 0;
		};
/* End PBXSourcesBuildPhase section */

/* Begin PBXVariantGroup section */
		8D71CC61250F1EB1000D8B43 /* Main.storyboard */ = {
			isa = PBXVariantGroup;
			children = (
				8D71CC62250F1EB1000D8B43 /* Base */,
			);
			name = Main.storyboard;
			sourceTree = "<group>";
		};
/* End PBXVariantGroup section */

/* Begin XCBuildConfiguration section */
		8D71CC66250F1EB1000D8B43 /* Debug */ = {
			isa = XCBuildConfiguration;
			buildSettings = {
				ALWAYS_SEARCH_USER_PATHS = NO;
				CLANG_ANALYZER_NONNULL = YES;
				CLANG_ANALYZER_NUMBER_OBJECT_CONVERSION = YES_AGGRESSIVE;
				CLANG_CXX_LANGUAGE_STANDARD = "gnu++14";
				CLANG_CXX_LIBRARY = "libc++";
				CLANG_ENABLE_MODULES = YES;
				CLANG_ENABLE_OBJC_ARC = YES;
				CLANG_ENABLE_OBJC_WEAK = YES;
				CLANG_WARN_BLOCK_CAPTURE_AUTORELEASING = YES;
				CLANG_WARN_BOOL_CONVERSION = YES;
				CLANG_WARN_COMMA = YES;
				CLANG_WARN_CONSTANT_CONVERSION = YES;
				CLANG_WARN_DEPRECATED_OBJC_IMPLEMENTATIONS = YES;
				CLANG_WARN_DIRECT_OBJC_ISA_USAGE = YES_ERROR;
				CLANG_WARN_DOCUMENTATION_COMMENTS = YES;
				CLANG_WARN_EMPTY_BODY = YES;
				CLANG_WARN_ENUM_CONVERSION = YES;
				CLANG_WARN_INFINITE_RECURSION = YES;
				CLANG_WARN_INT_CONVERSION = YES;
				CLANG_WARN_NON_LITERAL_NULL_CONVERSION = YES;
				CLANG_WARN_OBJC_IMPLICIT_RETAIN_SELF = YES;
				CLANG_WARN_OBJC_LITERAL_CONVERSION = YES;
				CLANG_WARN_OBJC_ROOT_CLASS = YES_ERROR;
				CLANG_WARN_RANGE_LOOP_ANALYSIS = YES;
				CLANG_WARN_STRICT_PROTOTYPES = YES;
				CLANG_WARN_SUSPICIOUS_MOVE = YES;
				CLANG_WARN_UNGUARDED_AVAILABILITY = YES_AGGRESSIVE;
				CLANG_WARN_UNREACHABLE_CODE = YES;
				CLANG_WARN__DUPLICATE_METHOD_MATCH = YES;
				COPY_PHASE_STRIP = NO;
				DEBUG_INFORMATION_FORMAT = dwarf;
				ENABLE_STRICT_OBJC_MSGSEND = YES;
				ENABLE_TESTABILITY = YES;
				GCC_C_LANGUAGE_STANDARD = gnu11;
				GCC_DYNAMIC_NO_PIC = NO;
				GCC_NO_COMMON_BLOCKS = YES;
				GCC_OPTIMIZATION_LEVEL = 0;
				GCC_PREPROCESSOR_DEFINITIONS = (
					"DEBUG=1",
					"$(inherited)",
				);
				GCC_WARN_64_TO_32_BIT_CONVERSION = YES;
				GCC_WARN_ABOUT_RETURN_TYPE = YES_ERROR;
				GCC_WARN_UNDECLARED_SELECTOR = YES;
				GCC_WARN_UNINITIALIZED_AUTOS = YES_AGGRESSIVE;
				GCC_WARN_UNUSED_FUNCTION = YES;
				GCC_WARN_UNUSED_VARIABLE = YES;
				MACOSX_DEPLOYMENT_TARGET = 10.14;
				MTL_ENABLE_DEBUG_INFO = INCLUDE_SOURCE;
				MTL_FAST_MATH = YES;
				ONLY_ACTIVE_ARCH = YES;
				SDKROOT = macosx;
				SWIFT_ACTIVE_COMPILATION_CONDITIONS = DEBUG;
				SWIFT_OPTIMIZATION_LEVEL = "-Onone";
			};
			name = Debug;
		};
		8D71CC67250F1EB1000D8B43 /* Release */ = {
			isa = XCBuildConfiguration;
			buildSettings = {
				ALWAYS_SEARCH_USER_PATHS = NO;
				CLANG_ANALYZER_NONNULL = YES;
				CLANG_ANALYZER_NUMBER_OBJECT_CONVERSION = YES_AGGRESSIVE;
				CLANG_CXX_LANGUAGE_STANDARD = "gnu++14";
				CLANG_CXX_LIBRARY = "libc++";
				CLANG_ENABLE_MODULES = YES;
				CLANG_ENABLE_OBJC_ARC = YES;
				CLANG_ENABLE_OBJC_WEAK = YES;
				CLANG_WARN_BLOCK_CAPTURE_AUTORELEASING = YES;
				CLANG_WARN_BOOL_CONVERSION = YES;
				CLANG_WARN_COMMA = YES;
				CLANG_WARN_CONSTANT_CONVERSION = YES;
				CLANG_WARN_DEPRECATED_OBJC_IMPLEMENTATIONS = YES;
				CLANG_WARN_DIRECT_OBJC_ISA_USAGE = YES_ERROR;
				CLANG_WARN_DOCUMENTATION_COMMENTS = YES;
				CLANG_WARN_EMPTY_BODY = YES;
				CLANG_WARN_ENUM_CONVERSION = YES;
				CLANG_WARN_INFINITE_RECURSION = YES;
				CLANG_WARN_INT_CONVERSION = YES;
				CLANG_WARN_NON_LITERAL_NULL_CONVERSION = YES;
				CLANG_WARN_OBJC_IMPLICIT_RETAIN_SELF = YES;
				CLANG_WARN_OBJC_LITERAL_CONVERSION = YES;
				CLANG_WARN_OBJC_ROOT_CLASS = YES_ERROR;
				CLANG_WARN_RANGE_LOOP_ANALYSIS = YES;
				CLANG_WARN_STRICT_PROTOTYPES = YES;
				CLANG_WARN_SUSPICIOUS_MOVE = YES;
				CLANG_WARN_UNGUARDED_AVAILABILITY = YES_AGGRESSIVE;
				CLANG_WARN_UNREACHABLE_CODE = YES;
				CLANG_WARN__DUPLICATE_METHOD_MATCH = YES;
				COPY_PHASE_STRIP = NO;
				DEBUG_INFORMATION_FORMAT = "dwarf-with-dsym";
				ENABLE_NS_ASSERTIONS = NO;
				ENABLE_STRICT_OBJC_MSGSEND = YES;
				GCC_C_LANGUAGE_STANDARD = gnu11;
				GCC_NO_COMMON_BLOCKS = YES;
				GCC_WARN_64_TO_32_BIT_CONVERSION = YES;
				GCC_WARN_ABOUT_RETURN_TYPE = YES_ERROR;
				GCC_WARN_UNDECLARED_SELECTOR = YES;
				GCC_WARN_UNINITIALIZED_AUTOS = YES_AGGRESSIVE;
				GCC_WARN_UNUSED_FUNCTION = YES;
				GCC_WARN_UNUSED_VARIABLE = YES;
				MACOSX_DEPLOYMENT_TARGET = 10.14;
				MTL_ENABLE_DEBUG_INFO = NO;
				MTL_FAST_MATH = YES;
				SDKROOT = macosx;
				SWIFT_COMPILATION_MODE = wholemodule;
				SWIFT_OPTIMIZATION_LEVEL = "-O";
			};
			name = Release;
		};
		8D71CC69250F1EB1000D8B43 /* Debug */ = {
			isa = XCBuildConfiguration;
			buildSettings = {
				ASSETCATALOG_COMPILER_APPICON_NAME = AppIcon;
				CODE_SIGN_ENTITLEMENTS = HID_Manager_Basics/HID_Manager_Basics.entitlements;
				CODE_SIGN_STYLE = Automatic;
				COMBINE_HIDPI_IMAGES = YES;
				DEVELOPMENT_TEAM = 66X95R6W2D;
				ENABLE_HARDENED_RUNTIME = YES;
				INFOPLIST_FILE = HID_Manager_Basics/Info.plist;
				LD_RUNPATH_SEARCH_PATHS = (
					"$(inherited)",
					"@executable_path/../Frameworks",
				);
				PRODUCT_BUNDLE_IDENTIFIER = "com.jerdeapps.HID-Manager-Basics";
				PRODUCT_NAME = "$(TARGET_NAME)";
				SWIFT_VERSION = 5.0;
			};
			name = Debug;
		};
		8D71CC6A250F1EB1000D8B43 /* Release */ = {
			isa = XCBuildConfiguration;
			buildSettings = {
				ASSETCATALOG_COMPILER_APPICON_NAME = AppIcon;
				CODE_SIGN_ENTITLEMENTS = HID_Manager_Basics/HID_Manager_Basics.entitlements;
				CODE_SIGN_STYLE = Automatic;
				COMBINE_HIDPI_IMAGES = YES;
				DEVELOPMENT_TEAM = 66X95R6W2D;
				ENABLE_HARDENED_RUNTIME = YES;
				INFOPLIST_FILE = HID_Manager_Basics/Info.plist;
				LD_RUNPATH_SEARCH_PATHS = (
					"$(inherited)",
					"@executable_path/../Frameworks",
				);
				PRODUCT_BUNDLE_IDENTIFIER = "com.jerdeapps.HID-Manager-Basics";
				PRODUCT_NAME = "$(TARGET_NAME)";
				SWIFT_VERSION = 5.0;
			};
			name = Release;
		};
/* End XCBuildConfiguration section */

/* Begin XCConfigurationList section */
		8D71CC53250F1EB0000D8B43 /* Build configuration list for PBXProject "HID_Manager_Basics" */ = {
			isa = XCConfigurationList;
			buildConfigurations = (
				8D71CC66250F1EB1000D8B43 /* Debug */,
				8D71CC67250F1EB1000D8B43 /* Release */,
			);
			defaultConfigurationIsVisible = 0;
			defaultConfigurationName = Release;
		};
		8D71CC68250F1EB1000D8B43 /* Build configuration list for PBXNativeTarget "HID_Manager_Basics" */ = {
			isa = XCConfigurationList;
			buildConfigurations = (
				8D71CC69250F1EB1000D8B43 /* Debug */,
				8D71CC6A250F1EB1000D8B43 /* Release */,
			);
			defaultConfigurationIsVisible = 0;
			defaultConfigurationName = Release;
		};
/* End XCConfigurationList section */
	};
	rootObject = 8D71CC50250F1EB0000D8B43 /* Project object */;
}
